{
  "name": "better-sqlite-pool",
  "version": "0.1.1",
  "lockfileVersion": 1,
  "requires": true,
  "dependencies": {
    "@types/better-sqlite3": {
      "version": "3.1.3",
      "resolved": "https://registry.npmjs.org/@types/better-sqlite3/-/better-sqlite3-3.1.3.tgz",
      "integrity": "sha512-nnoebG2LgbK1WQ0dn7jtJ+RQJXcC/0G9oajJA7T+tKq2HrL9KzjMDKfe6sqkigg5HLH08WE4LRK3QDDYXPO1+w==",
      "requires": {
        "@types/integer": "1.0.0"
      }
    },
    "@types/integer": {
      "version": "1.0.0",
      "resolved": "https://registry.npmjs.org/@types/integer/-/integer-1.0.0.tgz",
      "integrity": "sha512-3viiRKLoSP2Qr78nMoQjkDc0fan4BgmpOyV1+1gKjE8wWXo3QQ78WItO6f9WuBf3qe3ymDYhM65oqHTOZ0rFxw=="
    },
    "better-sqlite3": {
      "version": "4.1.1",
      "resolved": "https://registry.npmjs.org/better-sqlite3/-/better-sqlite3-4.1.1.tgz",
      "integrity": "sha512-D2EOD+fMdz8GsGQiVz82MpeGedH6AvFW8NZaUCKFWAPZnGsDDQIP4TIRst2TYoJonhCPHBSpa7PlojeG0gSWrQ==",
      "requires": {
        "bindings": "1.3.0",
        "integer": "1.0.3",
        "lzz-gyp": "0.4.3"
      }
    },
    "bindings": {
      "version": "1.3.0",
      "resolved": "https://registry.npmjs.org/bindings/-/bindings-1.3.0.tgz",
      "integrity": "sha512-DpLh5EzMR2kzvX1KIlVC0VkC3iZtHKTgdtZ0a3pglBZdaQFjt5S9g9xd1lE+YvXyfd6mtCeRnrUfOLYiTMlNSw=="
    },
    "integer": {
      "version": "1.0.3",
      "resolved": "https://registry.npmjs.org/integer/-/integer-1.0.3.tgz",
      "integrity": "sha512-yXyGHha2cDP6qyc9EMR9SsRVYhD7gvmXgVdLhKbyE8seHx0WVo11RRRU1p+sQearQMe1Ezfc8prWx5BnmSaVVA==",
      "requires": {
        "bindings": "1.3.0"
      }
    },
    "isexe": {
      "version": "2.0.0",
      "resolved": "https://registry.npmjs.org/isexe/-/isexe-2.0.0.tgz",
      "integrity": "sha1-6PvzdNxVb/iUehDcsFctYz8s+hA="
    },
    "lzz-gyp": {
      "version": "0.4.3",
      "resolved": "https://registry.npmjs.org/lzz-gyp/-/lzz-gyp-0.4.3.tgz",
      "integrity": "sha512-gRhjaZimYqXK+I5pmnDEXr17FCZPrPqgQfgR2riKAIrVREPTsvcItktkmSRvhKmsuohcXl59zLlLJ5N3u/95Og==",
      "requires": {
        "which": "1.3.1"
      }
    },
    "which": {
      "version": "1.3.1",
      "resolved": "https://registry.npmjs.org/which/-/which-1.3.1.tgz",
      "integrity": "sha512-HxJdYWq1MTIQbJ3nw0cqssHoTNU267KlrDuGZ1WYlxDStUtKUhOaJmh112/TZmHxxUfuJqPXSOm7tDyas0OSIQ==",
      "requires": {
        "isexe": "2.0.0"
      }
    }
  }
}
