{
  "name": "better-sqlite-pool",
  "version": "0.2.2",
  "lockfileVersion": 1,
  "requires": true,
  "dependencies": {
    "@types/better-sqlite3": {
      "version": "5.4.0",
      "resolved": "https://registry.npmjs.org/@types/better-sqlite3/-/better-sqlite3-5.4.0.tgz",
      "integrity": "sha512-nzm7lJ7l3jBmGUbtkL8cdOMhPkN6Pw2IM+b0V7iIKba+YKiLrjkIy7vVLsBIVnd7+lgzBzrHsXZxCaFTcmw5Ow==",
      "dev": true,
      "requires": {
        "@types/integer": "*"
      }
    },
    "@types/integer": {
      "version": "1.0.0",
      "resolved": "https://registry.npmjs.org/@types/integer/-/integer-1.0.0.tgz",
      "integrity": "sha512-3viiRKLoSP2Qr78nMoQjkDc0fan4BgmpOyV1+1gKjE8wWXo3QQ78WItO6f9WuBf3qe3ymDYhM65oqHTOZ0rFxw==",
      "dev": true
    },
    "@types/lodash": {
      "version": "4.14.149",
      "resolved": "https://registry.npmjs.org/@types/lodash/-/lodash-4.14.149.tgz",
      "integrity": "sha512-ijGqzZt/b7BfzcK9vTrS6MFljQRPn5BFWOx8oE0GYxribu6uV+aA9zZuXI1zc/etK9E8nrgdoF2+LgUw7+9tJQ==",
      "dev": true
    },
    "better-sqlite3": {
      "version": "5.4.3",
      "resolved": "https://registry.npmjs.org/better-sqlite3/-/better-sqlite3-5.4.3.tgz",
      "integrity": "sha512-fPp+8f363qQIhuhLyjI4bu657J/FfMtgiiHKfaTsj3RWDkHlWC1yT7c6kHZDnBxzQVoAINuzg553qKmZ4F1rEw==",
      "requires": {
        "integer": "^2.1.0",
        "tar": "^4.4.10"
      }
    },
    "chownr": {
      "version": "1.1.3",
      "resolved": "https://registry.npmjs.org/chownr/-/chownr-1.1.3.tgz",
      "integrity": "sha512-i70fVHhmV3DtTl6nqvZOnIjbY0Pe4kAUjwHj8z0zAdgBtYrJyYwLKCCuRBQ5ppkyL0AkN7HKRnETdmdp1zqNXw=="
    },
    "fs-minipass": {
      "version": "1.2.7",
      "resolved": "https://registry.npmjs.org/fs-minipass/-/fs-minipass-1.2.7.tgz",
      "integrity": "sha512-GWSSJGFy4e9GUeCcbIkED+bgAoFyj7XF1mV8rma3QW4NIqX9Kyx79N/PF61H5udOV3aY1IaMLs6pGbH71nlCTA==",
      "requires": {
        "minipass": "^2.6.0"
      }
    },
    "integer": {
      "version": "2.1.0",
      "resolved": "https://registry.npmjs.org/integer/-/integer-2.1.0.tgz",
      "integrity": "sha512-vBtiSgrEiNocWvvZX1RVfeOKa2mCHLZQ2p9nkQkQZ/BvEiY+6CcUz0eyjvIiewjJoeNidzg2I+tpPJvpyspL1w=="
    },
    "lodash": {
      "version": "4.17.15",
      "resolved": "https://registry.npmjs.org/lodash/-/lodash-4.17.15.tgz",
      "integrity": "sha512-8xOcRHvCjnocdS5cpwXQXVzmmh5e5+saE2QGoeQmbKmRS6J3VQppPOIt0MnmE+4xlZoumy0GPG0D0MVIQbNA1A=="
    },
    "minimist": {
      "version": "0.0.8",
      "resolved": "https://registry.npmjs.org/minimist/-/minimist-0.0.8.tgz",
      "integrity": "sha1-hX/Kv8M5fSYluCKCYuhqp6ARsF0="
    },
    "minipass": {
      "version": "2.9.0",
      "resolved": "https://registry.npmjs.org/minipass/-/minipass-2.9.0.tgz",
      "integrity": "sha512-wxfUjg9WebH+CUDX/CdbRlh5SmfZiy/hpkxaRI16Y9W56Pa75sWgd/rvFilSgrauD9NyFymP/+JFV3KwzIsJeg==",
      "requires": {
        "safe-buffer": "^5.1.2",
        "yallist": "^3.0.0"
      }
    },
    "minizlib": {
      "version": "1.3.3",
      "resolved": "https://registry.npmjs.org/minizlib/-/minizlib-1.3.3.tgz",
      "integrity": "sha512-6ZYMOEnmVsdCeTJVE0W9ZD+pVnE8h9Hma/iOwwRDsdQoePpoX56/8B6z3P9VNwppJuBKNRuFDRNRqRWexT9G9Q==",
      "requires": {
        "minipass": "^2.9.0"
      }
    },
    "mkdirp": {
      "version": "0.5.1",
      "resolved": "https://registry.npmjs.org/mkdirp/-/mkdirp-0.5.1.tgz",
      "integrity": "sha1-MAV0OOrGz3+MR2fzhkjWaX11yQM=",
      "requires": {
        "minimist": "0.0.8"
      }
    },
    "safe-buffer": {
      "version": "5.2.0",
      "resolved": "https://registry.npmjs.org/safe-buffer/-/safe-buffer-5.2.0.tgz",
      "integrity": "sha512-fZEwUGbVl7kouZs1jCdMLdt95hdIv0ZeHg6L7qPeciMZhZ+/gdesW4wgTARkrFWEpspjEATAzUGPG8N2jJiwbg=="
    },
    "tar": {
      "version": "4.4.13",
      "resolved": "https://registry.npmjs.org/tar/-/tar-4.4.13.tgz",
      "integrity": "sha512-w2VwSrBoHa5BsSyH+KxEqeQBAllHhccyMFVHtGtdMpF4W7IRWfZjFiQceJPChOeTsSDVUpER2T8FA93pr0L+QA==",
      "requires": {
        "chownr": "^1.1.1",
        "fs-minipass": "^1.2.5",
        "minipass": "^2.8.6",
        "minizlib": "^1.2.1",
        "mkdirp": "^0.5.0",
        "safe-buffer": "^5.1.2",
        "yallist": "^3.0.3"
      }
    },
    "yallist": {
      "version": "3.1.1",
      "resolved": "https://registry.npmjs.org/yallist/-/yallist-3.1.1.tgz",
      "integrity": "sha512-a4UGQaWPH59mOXUYnAG2ewncQS4i4F43Tv3JoAM+s2VDAmS9NsK8GpDMLrCHPksFT7h3K6TOoUNn2pb7RoXx4g=="
    }
  }
}
