{
  "name": "better-sqlite-pool",
  "version": "0.1.2",
  "lockfileVersion": 1,
  "requires": true,
  "dependencies": {
    "@types/better-sqlite3": {
      "version": "3.1.3",
      "resolved": "https://registry.npmjs.org/@types/better-sqlite3/-/better-sqlite3-3.1.3.tgz",
      "integrity": "sha512-nnoebG2LgbK1WQ0dn7jtJ+RQJXcC/0G9oajJA7T+tKq2HrL9KzjMDKfe6sqkigg5HLH08WE4LRK3QDDYXPO1+w==",
      "requires": {
        "@types/integer": "*"
      }
    },
    "@types/integer": {
      "version": "1.0.0",
      "resolved": "https://registry.npmjs.org/@types/integer/-/integer-1.0.0.tgz",
      "integrity": "sha512-3viiRKLoSP2Qr78nMoQjkDc0fan4BgmpOyV1+1gKjE8wWXo3QQ78WItO6f9WuBf3qe3ymDYhM65oqHTOZ0rFxw=="
    },
    "better-sqlite3": {
      "version": "5.0.1",
      "resolved": "https://registry.npmjs.org/better-sqlite3/-/better-sqlite3-5.0.1.tgz",
      "integrity": "sha512-dyZk+gDYNPw14maYX5LG/2SCUTiB7jCvETd+bBYqhFyji3oG+UQFN452sUWSjCHCmfg1JtMbLT7WmqB8GLq8Gw==",
      "requires": {
        "integer": "^2.1.0",
        "tar": "^4.4.6"
      }
    },
    "chownr": {
      "version": "1.1.1",
      "resolved": "https://registry.npmjs.org/chownr/-/chownr-1.1.1.tgz",
      "integrity": "sha512-j38EvO5+LHX84jlo6h4UzmOwi0UgW61WRyPtJz4qaadK5eY3BTS5TY/S1Stc3Uk2lIM6TPevAlULiEJwie860g=="
    },
    "fs-minipass": {
      "version": "1.2.5",
      "resolved": "https://registry.npmjs.org/fs-minipass/-/fs-minipass-1.2.5.tgz",
      "integrity": "sha512-JhBl0skXjUPCFH7x6x61gQxrKyXsxB5gcgePLZCwfyCGGsTISMoIeObbrvVeP6Xmyaudw4TT43qV2Gz+iyd2oQ==",
      "requires": {
        "minipass": "^2.2.1"
      }
    },
    "integer": {
      "version": "2.1.0",
      "resolved": "https://registry.npmjs.org/integer/-/integer-2.1.0.tgz",
      "integrity": "sha512-vBtiSgrEiNocWvvZX1RVfeOKa2mCHLZQ2p9nkQkQZ/BvEiY+6CcUz0eyjvIiewjJoeNidzg2I+tpPJvpyspL1w=="
    },
    "minimist": {
      "version": "0.0.8",
      "resolved": "http://registry.npmjs.org/minimist/-/minimist-0.0.8.tgz",
      "integrity": "sha1-hX/Kv8M5fSYluCKCYuhqp6ARsF0="
    },
    "minipass": {
      "version": "2.3.4",
      "resolved": "https://registry.npmjs.org/minipass/-/minipass-2.3.4.tgz",
      "integrity": "sha512-mlouk1OHlaUE8Odt1drMtG1bAJA4ZA6B/ehysgV0LUIrDHdKgo1KorZq3pK0b/7Z7LJIQ12MNM6aC+Tn6lUZ5w==",
      "requires": {
        "safe-buffer": "^5.1.2",
        "yallist": "^3.0.0"
      }
    },
    "minizlib": {
      "version": "1.1.0",
      "resolved": "https://registry.npmjs.org/minizlib/-/minizlib-1.1.0.tgz",
      "integrity": "sha512-4T6Ur/GctZ27nHfpt9THOdRZNgyJ9FZchYO1ceg5S8Q3DNLCKYy44nCZzgCJgcvx2UM8czmqak5BCxJMrq37lA==",
      "requires": {
        "minipass": "^2.2.1"
      }
    },
    "mkdirp": {
      "version": "0.5.1",
      "resolved": "http://registry.npmjs.org/mkdirp/-/mkdirp-0.5.1.tgz",
      "integrity": "sha1-MAV0OOrGz3+MR2fzhkjWaX11yQM=",
      "requires": {
        "minimist": "0.0.8"
      }
    },
    "safe-buffer": {
      "version": "5.1.2",
      "resolved": "https://registry.npmjs.org/safe-buffer/-/safe-buffer-5.1.2.tgz",
      "integrity": "sha512-Gd2UZBJDkXlY7GbJxfsE8/nvKkUEU1G38c1siN6QP6a9PT9MmHB8GnpscSmMJSoF8LOIrt8ud/wPtojys4G6+g=="
    },
    "tar": {
      "version": "4.4.6",
      "resolved": "https://registry.npmjs.org/tar/-/tar-4.4.6.tgz",
      "integrity": "sha512-tMkTnh9EdzxyfW+6GK6fCahagXsnYk6kE6S9Gr9pjVdys769+laCTbodXDhPAjzVtEBazRgP0gYqOjnk9dQzLg==",
      "requires": {
        "chownr": "^1.0.1",
        "fs-minipass": "^1.2.5",
        "minipass": "^2.3.3",
        "minizlib": "^1.1.0",
        "mkdirp": "^0.5.0",
        "safe-buffer": "^5.1.2",
        "yallist": "^3.0.2"
      }
    },
    "yallist": {
      "version": "3.0.2",
      "resolved": "https://registry.npmjs.org/yallist/-/yallist-3.0.2.tgz",
      "integrity": "sha1-hFK0u36Dx8GI2AQcGoN8dz1ti7k="
    }
  }
}
